
Microsoft Visual Studio Solution File, Format Version 12.00
# Visual Studio 15
VisualStudioVersion = 15.0.27130.2027
MinimumVisualStudioVersion = 10.0.40219.1
Project("{FAE04EC0-301F-11D3-BF4B-00C04F79EFBC}") = "CS3280A3", "CS3280A3\CS3280A3.csproj", "{AA79312C-152E-4484-BFD7-35A937756DAF}"
EndProject
Global
	GlobalSection(SolutionConfigurationPlatforms) = preSolution
		Debug|Any CPU = Debug|Any CPU
		Release|Any CPU = Release|Any CPU
	EndGlobalSection
	GlobalSection(ProjectConfigurationPlatforms) = postSolution
		{AA79312C-152E-4484-BFD7-35A937756DAF}.Debug|Any CPU.ActiveCfg = Debug|Any CPU
		{AA79312C-152E-4484-BFD7-35A937756DAF}.Debug|Any CPU.Build.0 = Debug|Any CPU
		{AA79312C-152E-4484-BFD7-35A937756DAF}.Release|Any CPU.ActiveCfg = Release|Any CPU
		{AA79312C-152E-4484-BFD7-35A937756DAF}.Release|Any CPU.Build.0 = Release|Any CPU
	EndGlobalSection
	GlobalSection(SolutionProperties) = preSolution
		HideSolutionNode = FALSE
	EndGlobalSection
	GlobalSection(ExtensibilityGlobals) = postSolution
		SolutionGuid = {0D9A1495-1256-4DAD-888F-173E21182FE2}
	EndGlobalSection
EndGlobal
