
Microsoft Visual Studio Solution File, Format Version 12.00
# Visual Studio 15
VisualStudioVersion = 15.0.27130.2027
MinimumVisualStudioVersion = 10.0.40219.1
Project("{FAE04EC0-301F-11D3-BF4B-00C04F79EFBC}") = "CS3280A2", "CS3280A2\CS3280A2.csproj", "{CADFC721-DDCA-474C-91B3-C737FD71F658}"
EndProject
Global
	GlobalSection(SolutionConfigurationPlatforms) = preSolution
		Debug|Any CPU = Debug|Any CPU
		Release|Any CPU = Release|Any CPU
	EndGlobalSection
	GlobalSection(ProjectConfigurationPlatforms) = postSolution
		{CADFC721-DDCA-474C-91B3-C737FD71F658}.Debug|Any CPU.ActiveCfg = Debug|Any CPU
		{CADFC721-DDCA-474C-91B3-C737FD71F658}.Debug|Any CPU.Build.0 = Debug|Any CPU
		{CADFC721-DDCA-474C-91B3-C737FD71F658}.Release|Any CPU.ActiveCfg = Release|Any CPU
		{CADFC721-DDCA-474C-91B3-C737FD71F658}.Release|Any CPU.Build.0 = Release|Any CPU
	EndGlobalSection
	GlobalSection(SolutionProperties) = preSolution
		HideSolutionNode = FALSE
	EndGlobalSection
	GlobalSection(ExtensibilityGlobals) = postSolution
		SolutionGuid = {4D0A67B3-95DC-4BB5-AF84-20A6DF2574A1}
	EndGlobalSection
EndGlobal
